// !$*UTF8*$!
{
	archiveVersion = 1;
	classes = {
	};
	objectVersion = 46;
	objects = {

/* Begin PBXBuildFile section */
		84E5CF971BF4C9A300A587E1 /* SOVideoCollectionViewCell.xib in Resources */ = {isa = PBXBuildFile; fileRef = 84E5CF961BF4C9A300A587E1 /* SOVideoCollectionViewCell.xib */; };
		84E5CF9E1BF4CA7C00A587E1 /* video1.jpg in Resources */ = {isa = PBXBuildFile; fileRef = 84E5CF9B1BF4CA7C00A587E1 /* video1.jpg */; };
		84E5CF9F1BF4CA7C00A587E1 /* video2.jpg in Resources */ = {isa = PBXBuildFile; fileRef = 84E5CF9C1BF4CA7C00A587E1 /* video2.jpg */; };
		84E5CFA01BF4CA7C00A587E1 /* video3.jpg in Resources */ = {isa = PBXBuildFile; fileRef = 84E5CF9D1BF4CA7C00A587E1 /* video3.jpg */; };
		84E5CFA81BF4E87D00A587E1 /* SOVideoCVC.m in Sources */ = {isa = PBXBuildFile; fileRef = 84E5CFA71BF4E87D00A587E1 /* SOVideoCVC.m */; };
		84E5CFAB1BF4E93F00A587E1 /* SOProjectsViewController.m in Sources */ = {isa = PBXBuildFile; fileRef = 84E5CFAA1BF4E93F00A587E1 /* SOProjectsViewController.m */; };
		84E9D3601BF6E500005ACE00 /* SOCreateNewProjectViewController.m in Sources */ = {isa = PBXBuildFile; fileRef = 84E9D35F1BF6E500005ACE00 /* SOCreateNewProjectViewController.m */; };
		84E9D52F1BF8F25D005ACE00 /* UICollectionView+BMADecorators.m in Sources */ = {isa = PBXBuildFile; fileRef = 84E9D52E1BF8F25D005ACE00 /* UICollectionView+BMADecorators.m */; };
		84E9D5311BF8F28E005ACE00 /* SOSortingCollectionViewCell.xib in Resources */ = {isa = PBXBuildFile; fileRef = 84E9D5301BF8F28E005ACE00 /* SOSortingCollectionViewCell.xib */; };
		84E9D5341BF8F2B6005ACE00 /* SOSortingViewController.m in Sources */ = {isa = PBXBuildFile; fileRef = 84E9D5331BF8F2B6005ACE00 /* SOSortingViewController.m */; };
		84E9D5371BF8F2C6005ACE00 /* SOSortingCVC.m in Sources */ = {isa = PBXBuildFile; fileRef = 84E9D5361BF8F2C6005ACE00 /* SOSortingCVC.m */; };
		84E9D53A1BF9375D005ACE00 /* SOAddMyVideoViewController.m in Sources */ = {isa = PBXBuildFile; fileRef = 84E9D5391BF9375D005ACE00 /* SOAddMyVideoViewController.m */; };
		84E9D5571BFB8B0D005ACE00 /* Caviar_Dreams_Bold.ttf in Resources */ = {isa = PBXBuildFile; fileRef = 84E9D5521BFB8B0D005ACE00 /* Caviar_Dreams_Bold.ttf */; };
		84E9D5581BFB8B0D005ACE00 /* CaviarDreams.ttf in Resources */ = {isa = PBXBuildFile; fileRef = 84E9D5531BFB8B0D005ACE00 /* CaviarDreams.ttf */; };
		84E9D5591BFB8B0D005ACE00 /* CaviarDreams_BoldItalic.ttf in Resources */ = {isa = PBXBuildFile; fileRef = 84E9D5541BFB8B0D005ACE00 /* CaviarDreams_BoldItalic.ttf */; };
		84E9D55A1BFB8B0D005ACE00 /* CaviarDreams_Italic.ttf in Resources */ = {isa = PBXBuildFile; fileRef = 84E9D5551BFB8B0D005ACE00 /* CaviarDreams_Italic.ttf */; };
		84E9D55B1BFB8B0D005ACE00 /* Nymphont License.txt in Resources */ = {isa = PBXBuildFile; fileRef = 84E9D5561BFB8B0D005ACE00 /* Nymphont License.txt */; };
		84E9D55F1BFB9B8F005ACE00 /* boston_traffic.ttf in Resources */ = {isa = PBXBuildFile; fileRef = 84E9D55D1BFB9B8E005ACE00 /* boston_traffic.ttf */; };
		84E9D5601BFB9B8F005ACE00 /* Vic Fieger License.txt in Resources */ = {isa = PBXBuildFile; fileRef = 84E9D55E1BFB9B8E005ACE00 /* Vic Fieger License.txt */; };
		84E9D5661BFB9D05005ACE00 /* COPYING in Resources */ = {isa = PBXBuildFile; fileRef = 84E9D5631BFB9D05005ACE00 /* COPYING */; };
		84E9D5671BFB9D05005ACE00 /* Engadget.ttf in Resources */ = {isa = PBXBuildFile; fileRef = 84E9D5641BFB9D05005ACE00 /* Engadget.ttf */; };
		84E9D5681BFB9D05005ACE00 /* README in Resources */ = {isa = PBXBuildFile; fileRef = 84E9D5651BFB9D05005ACE00 /* README */; };
		C7127B721BF678D60069CF76 /* CollaborationsTableViewController.m in Sources */ = {isa = PBXBuildFile; fileRef = C7127B701BF678D60069CF76 /* CollaborationsTableViewController.m */; };
		C7127B761BF6793A0069CF76 /* CollaborateViewController.m in Sources */ = {isa = PBXBuildFile; fileRef = C7127B751BF6793A0069CF76 /* CollaborateViewController.m */; };
		D4115F081BF850ED00C674AC /* SORequest.m in Sources */ = {isa = PBXBuildFile; fileRef = D4115F071BF850ED00C674AC /* SORequest.m */; };
		D4115F0B1BF8566100C674AC /* SOContacts.m in Sources */ = {isa = PBXBuildFile; fileRef = D4115F0A1BF8566100C674AC /* SOContacts.m */; };
		D49BF48D1BEFF6B500340627 /* AVFoundation.framework in Frameworks */ = {isa = PBXBuildFile; fileRef = D49BF48C1BEFF6B500340627 /* AVFoundation.framework */; };
		D49BF48F1BEFF6D100340627 /* QuartzCore.framework in Frameworks */ = {isa = PBXBuildFile; fileRef = D49BF48E1BEFF6D100340627 /* QuartzCore.framework */; };
		D49BF4911BEFF80800340627 /* MobileCoreServices.framework in Frameworks */ = {isa = PBXBuildFile; fileRef = D49BF4901BEFF80800340627 /* MobileCoreServices.framework */; };
		D49BF4931BEFF80E00340627 /* AVKit.framework in Frameworks */ = {isa = PBXBuildFile; fileRef = D49BF4921BEFF80E00340627 /* AVKit.framework */; };
		D49BF4951BEFF83100340627 /* AssetsLibrary.framework in Frameworks */ = {isa = PBXBuildFile; fileRef = D49BF4941BEFF83100340627 /* AssetsLibrary.framework */; };
		D49BF4971BEFF88100340627 /* CoreMedia.framework in Frameworks */ = {isa = PBXBuildFile; fileRef = D49BF4961BEFF88100340627 /* CoreMedia.framework */; };
		DC386D821BEFEBA900562543 /* main.m in Sources */ = {isa = PBXBuildFile; fileRef = DC386D811BEFEBA900562543 /* main.m */; };
		DC386D851BEFEBA900562543 /* AppDelegate.m in Sources */ = {isa = PBXBuildFile; fileRef = DC386D841BEFEBA900562543 /* AppDelegate.m */; };
		DC386D881BEFEBA900562543 /* ViewController.m in Sources */ = {isa = PBXBuildFile; fileRef = DC386D871BEFEBA900562543 /* ViewController.m */; };
		DC386D8E1BEFEBA900562543 /* Shoutout.xcdatamodeld in Sources */ = {isa = PBXBuildFile; fileRef = DC386D8C1BEFEBA900562543 /* Shoutout.xcdatamodeld */; };
		DC386D901BEFEBA900562543 /* Assets.xcassets in Resources */ = {isa = PBXBuildFile; fileRef = DC386D8F1BEFEBA900562543 /* Assets.xcassets */; };
		DC386D931BEFEBA900562543 /* LaunchScreen.storyboard in Resources */ = {isa = PBXBuildFile; fileRef = DC386D911BEFEBA900562543 /* LaunchScreen.storyboard */; };
		DC386D9F1BEFF89500562543 /* ProfileViewController.m in Sources */ = {isa = PBXBuildFile; fileRef = DC386D9E1BEFF89500562543 /* ProfileViewController.m */; };
		DC386DA81BF003C500562543 /* Main.Storyboard in Resources */ = {isa = PBXBuildFile; fileRef = DC386DA71BF003C500562543 /* Main.Storyboard */; };
		DC386DAB1BF005EE00562543 /* ContactsTableViewController.m in Sources */ = {isa = PBXBuildFile; fileRef = DC386DAA1BF005EE00562543 /* ContactsTableViewController.m */; };
		DC386DF91BF4223C00562543 /* SOProject.m in Sources */ = {isa = PBXBuildFile; fileRef = DC386DF51BF4223C00562543 /* SOProject.m */; };
		DC386DFA1BF4223C00562543 /* SOVideo.m in Sources */ = {isa = PBXBuildFile; fileRef = DC386DF71BF4223C00562543 /* SOVideo.m */; };
		DC386DFD1BF4230200562543 /* User.m in Sources */ = {isa = PBXBuildFile; fileRef = DC386DFC1BF4230200562543 /* User.m */; };
		DC386E0A1BF424B300562543 /* NSURL+ImageGenerator.m in Sources */ = {isa = PBXBuildFile; fileRef = DC386E091BF424B300562543 /* NSURL+ImageGenerator.m */; };
		DC386E121BF4290C00562543 /* SOLoginViewController.m in Sources */ = {isa = PBXBuildFile; fileRef = DC386E0D1BF4290C00562543 /* SOLoginViewController.m */; };
		DC386E131BF4290C00562543 /* SOLoginViewController.xib in Resources */ = {isa = PBXBuildFile; fileRef = DC386E0E1BF4290C00562543 /* SOLoginViewController.xib */; };
		DC386E141BF4290C00562543 /* SOSignUpViewController.m in Sources */ = {isa = PBXBuildFile; fileRef = DC386E101BF4290C00562543 /* SOSignUpViewController.m */; };
		DC386E151BF4290C00562543 /* SOSignUpViewController.xib in Resources */ = {isa = PBXBuildFile; fileRef = DC386E111BF4290C00562543 /* SOSignUpViewController.xib */; };
		F386A2585F70466F066DA368 /* libPods.a in Frameworks */ = {isa = PBXBuildFile; fileRef = B31638C861E4996215CDACD0 /* libPods.a */; };
/* End PBXBuildFile section */

/* Begin PBXFileReference section */
		2B71E56213096115E5D6499D /* Pods.release.xcconfig */ = {isa = PBXFileReference; includeInIndex = 1; lastKnownFileType = text.xcconfig; name = Pods.release.xcconfig; path = "Pods/Target Support Files/Pods/Pods.release.xcconfig"; sourceTree = "<group>"; };
		3933170B0C7BDDBBA4F99A84 /* Pods.debug.xcconfig */ = {isa = PBXFileReference; includeInIndex = 1; lastKnownFileType = text.xcconfig; name = Pods.debug.xcconfig; path = "Pods/Target Support Files/Pods/Pods.debug.xcconfig"; sourceTree = "<group>"; };
		84E5CF961BF4C9A300A587E1 /* SOVideoCollectionViewCell.xib */ = {isa = PBXFileReference; fileEncoding = 4; lastKnownFileType = file.xib; path = SOVideoCollectionViewCell.xib; sourceTree = "<group>"; };
		84E5CF9B1BF4CA7C00A587E1 /* video1.jpg */ = {isa = PBXFileReference; lastKnownFileType = image.jpeg; path = video1.jpg; sourceTree = "<group>"; };
		84E5CF9C1BF4CA7C00A587E1 /* video2.jpg */ = {isa = PBXFileReference; lastKnownFileType = image.jpeg; path = video2.jpg; sourceTree = "<group>"; };
		84E5CF9D1BF4CA7C00A587E1 /* video3.jpg */ = {isa = PBXFileReference; lastKnownFileType = image.jpeg; path = video3.jpg; sourceTree = "<group>"; };
		84E5CFA61BF4E87D00A587E1 /* SOVideoCVC.h */ = {isa = PBXFileReference; fileEncoding = 4; lastKnownFileType = sourcecode.c.h; path = SOVideoCVC.h; sourceTree = "<group>"; };
		84E5CFA71BF4E87D00A587E1 /* SOVideoCVC.m */ = {isa = PBXFileReference; fileEncoding = 4; lastKnownFileType = sourcecode.c.objc; path = SOVideoCVC.m; sourceTree = "<group>"; };
		84E5CFA91BF4E93F00A587E1 /* SOProjectsViewController.h */ = {isa = PBXFileReference; fileEncoding = 4; lastKnownFileType = sourcecode.c.h; path = SOProjectsViewController.h; sourceTree = "<group>"; };
		84E5CFAA1BF4E93F00A587E1 /* SOProjectsViewController.m */ = {isa = PBXFileReference; fileEncoding = 4; lastKnownFileType = sourcecode.c.objc; path = SOProjectsViewController.m; sourceTree = "<group>"; };
		84E5CFAF1BF4FA3200A587E1 /* video1.mp4 */ = {isa = PBXFileReference; lastKnownFileType = file; path = video1.mp4; sourceTree = "<group>"; };
		84E5CFB01BF4FA3200A587E1 /* video2.mp4 */ = {isa = PBXFileReference; lastKnownFileType = file; path = video2.mp4; sourceTree = "<group>"; };
		84E9D35E1BF6E500005ACE00 /* SOCreateNewProjectViewController.h */ = {isa = PBXFileReference; fileEncoding = 4; lastKnownFileType = sourcecode.c.h; path = SOCreateNewProjectViewController.h; sourceTree = "<group>"; };
		84E9D35F1BF6E500005ACE00 /* SOCreateNewProjectViewController.m */ = {isa = PBXFileReference; fileEncoding = 4; lastKnownFileType = sourcecode.c.objc; path = SOCreateNewProjectViewController.m; sourceTree = "<group>"; };
		84E9D52D1BF8F25D005ACE00 /* UICollectionView+BMADecorators.h */ = {isa = PBXFileReference; fileEncoding = 4; lastKnownFileType = sourcecode.c.h; path = "UICollectionView+BMADecorators.h"; sourceTree = "<group>"; };
		84E9D52E1BF8F25D005ACE00 /* UICollectionView+BMADecorators.m */ = {isa = PBXFileReference; fileEncoding = 4; lastKnownFileType = sourcecode.c.objc; path = "UICollectionView+BMADecorators.m"; sourceTree = "<group>"; };
		84E9D5301BF8F28E005ACE00 /* SOSortingCollectionViewCell.xib */ = {isa = PBXFileReference; fileEncoding = 4; lastKnownFileType = file.xib; path = SOSortingCollectionViewCell.xib; sourceTree = "<group>"; };
		84E9D5321BF8F2B6005ACE00 /* SOSortingViewController.h */ = {isa = PBXFileReference; fileEncoding = 4; lastKnownFileType = sourcecode.c.h; path = SOSortingViewController.h; sourceTree = "<group>"; };
		84E9D5331BF8F2B6005ACE00 /* SOSortingViewController.m */ = {isa = PBXFileReference; fileEncoding = 4; lastKnownFileType = sourcecode.c.objc; path = SOSortingViewController.m; sourceTree = "<group>"; };
		84E9D5351BF8F2C6005ACE00 /* SOSortingCVC.h */ = {isa = PBXFileReference; fileEncoding = 4; lastKnownFileType = sourcecode.c.h; path = SOSortingCVC.h; sourceTree = "<group>"; };
		84E9D5361BF8F2C6005ACE00 /* SOSortingCVC.m */ = {isa = PBXFileReference; fileEncoding = 4; lastKnownFileType = sourcecode.c.objc; path = SOSortingCVC.m; sourceTree = "<group>"; };
		84E9D5381BF9375D005ACE00 /* SOAddMyVideoViewController.h */ = {isa = PBXFileReference; fileEncoding = 4; lastKnownFileType = sourcecode.c.h; path = SOAddMyVideoViewController.h; sourceTree = "<group>"; };
		84E9D5391BF9375D005ACE00 /* SOAddMyVideoViewController.m */ = {isa = PBXFileReference; fileEncoding = 4; lastKnownFileType = sourcecode.c.objc; path = SOAddMyVideoViewController.m; sourceTree = "<group>"; };
		84E9D5521BFB8B0D005ACE00 /* Caviar_Dreams_Bold.ttf */ = {isa = PBXFileReference; lastKnownFileType = file; path = Caviar_Dreams_Bold.ttf; sourceTree = "<group>"; };
		84E9D5531BFB8B0D005ACE00 /* CaviarDreams.ttf */ = {isa = PBXFileReference; lastKnownFileType = file; path = CaviarDreams.ttf; sourceTree = "<group>"; };
		84E9D5541BFB8B0D005ACE00 /* CaviarDreams_BoldItalic.ttf */ = {isa = PBXFileReference; lastKnownFileType = file; path = CaviarDreams_BoldItalic.ttf; sourceTree = "<group>"; };
		84E9D5551BFB8B0D005ACE00 /* CaviarDreams_Italic.ttf */ = {isa = PBXFileReference; lastKnownFileType = file; path = CaviarDreams_Italic.ttf; sourceTree = "<group>"; };
		84E9D5561BFB8B0D005ACE00 /* Nymphont License.txt */ = {isa = PBXFileReference; fileEncoding = 4; lastKnownFileType = text; path = "Nymphont License.txt"; sourceTree = "<group>"; };
		84E9D55D1BFB9B8E005ACE00 /* boston_traffic.ttf */ = {isa = PBXFileReference; lastKnownFileType = file; path = boston_traffic.ttf; sourceTree = "<group>"; };
		84E9D55E1BFB9B8E005ACE00 /* Vic Fieger License.txt */ = {isa = PBXFileReference; fileEncoding = 4; lastKnownFileType = text; path = "Vic Fieger License.txt"; sourceTree = "<group>"; };
		84E9D5631BFB9D05005ACE00 /* COPYING */ = {isa = PBXFileReference; fileEncoding = 4; lastKnownFileType = text; path = COPYING; sourceTree = "<group>"; };
		84E9D5641BFB9D05005ACE00 /* Engadget.ttf */ = {isa = PBXFileReference; lastKnownFileType = file; path = Engadget.ttf; sourceTree = "<group>"; };
		84E9D5651BFB9D05005ACE00 /* README */ = {isa = PBXFileReference; fileEncoding = 4; lastKnownFileType = text; path = README; sourceTree = "<group>"; };
		B31638C861E4996215CDACD0 /* libPods.a */ = {isa = PBXFileReference; explicitFileType = archive.ar; includeInIndex = 0; path = libPods.a; sourceTree = BUILT_PRODUCTS_DIR; };
		C7127B6F1BF678D60069CF76 /* CollaborationsTableViewController.h */ = {isa = PBXFileReference; fileEncoding = 4; lastKnownFileType = sourcecode.c.h; path = CollaborationsTableViewController.h; sourceTree = "<group>"; };
		C7127B701BF678D60069CF76 /* CollaborationsTableViewController.m */ = {isa = PBXFileReference; fileEncoding = 4; lastKnownFileType = sourcecode.c.objc; path = CollaborationsTableViewController.m; sourceTree = "<group>"; };
		C7127B711BF678D60069CF76 /* SOModel.h */ = {isa = PBXFileReference; fileEncoding = 4; lastKnownFileType = sourcecode.c.h; path = SOModel.h; sourceTree = "<group>"; };
		C7127B741BF6793A0069CF76 /* CollaborateViewController.h */ = {isa = PBXFileReference; fileEncoding = 4; lastKnownFileType = sourcecode.c.h; path = CollaborateViewController.h; sourceTree = "<group>"; };
		C7127B751BF6793A0069CF76 /* CollaborateViewController.m */ = {isa = PBXFileReference; fileEncoding = 4; lastKnownFileType = sourcecode.c.objc; path = CollaborateViewController.m; sourceTree = "<group>"; };
		D4115F061BF850ED00C674AC /* SORequest.h */ = {isa = PBXFileReference; fileEncoding = 4; lastKnownFileType = sourcecode.c.h; path = SORequest.h; sourceTree = "<group>"; };
		D4115F071BF850ED00C674AC /* SORequest.m */ = {isa = PBXFileReference; fileEncoding = 4; lastKnownFileType = sourcecode.c.objc; path = SORequest.m; sourceTree = "<group>"; };
		D4115F091BF8566100C674AC /* SOContacts.h */ = {isa = PBXFileReference; fileEncoding = 4; lastKnownFileType = sourcecode.c.h; path = SOContacts.h; sourceTree = "<group>"; };
		D4115F0A1BF8566100C674AC /* SOContacts.m */ = {isa = PBXFileReference; fileEncoding = 4; lastKnownFileType = sourcecode.c.objc; path = SOContacts.m; sourceTree = "<group>"; };
		D49BF48C1BEFF6B500340627 /* AVFoundation.framework */ = {isa = PBXFileReference; lastKnownFileType = wrapper.framework; name = AVFoundation.framework; path = System/Library/Frameworks/AVFoundation.framework; sourceTree = SDKROOT; };
		D49BF48E1BEFF6D100340627 /* QuartzCore.framework */ = {isa = PBXFileReference; lastKnownFileType = wrapper.framework; name = QuartzCore.framework; path = System/Library/Frameworks/QuartzCore.framework; sourceTree = SDKROOT; };
		D49BF4901BEFF80800340627 /* MobileCoreServices.framework */ = {isa = PBXFileReference; lastKnownFileType = wrapper.framework; name = MobileCoreServices.framework; path = System/Library/Frameworks/MobileCoreServices.framework; sourceTree = SDKROOT; };
		D49BF4921BEFF80E00340627 /* AVKit.framework */ = {isa = PBXFileReference; lastKnownFileType = wrapper.framework; name = AVKit.framework; path = System/Library/Frameworks/AVKit.framework; sourceTree = SDKROOT; };
		D49BF4941BEFF83100340627 /* AssetsLibrary.framework */ = {isa = PBXFileReference; lastKnownFileType = wrapper.framework; name = AssetsLibrary.framework; path = System/Library/Frameworks/AssetsLibrary.framework; sourceTree = SDKROOT; };
		D49BF4961BEFF88100340627 /* CoreMedia.framework */ = {isa = PBXFileReference; lastKnownFileType = wrapper.framework; name = CoreMedia.framework; path = System/Library/Frameworks/CoreMedia.framework; sourceTree = SDKROOT; };
		DC386D7D1BEFEBA900562543 /* Shoutout.app */ = {isa = PBXFileReference; explicitFileType = wrapper.application; includeInIndex = 0; path = Shoutout.app; sourceTree = BUILT_PRODUCTS_DIR; };
		DC386D811BEFEBA900562543 /* main.m */ = {isa = PBXFileReference; lastKnownFileType = sourcecode.c.objc; path = main.m; sourceTree = "<group>"; };
		DC386D831BEFEBA900562543 /* AppDelegate.h */ = {isa = PBXFileReference; lastKnownFileType = sourcecode.c.h; path = AppDelegate.h; sourceTree = "<group>"; };
		DC386D841BEFEBA900562543 /* AppDelegate.m */ = {isa = PBXFileReference; lastKnownFileType = sourcecode.c.objc; path = AppDelegate.m; sourceTree = "<group>"; };
		DC386D861BEFEBA900562543 /* ViewController.h */ = {isa = PBXFileReference; lastKnownFileType = sourcecode.c.h; path = ViewController.h; sourceTree = "<group>"; };
		DC386D871BEFEBA900562543 /* ViewController.m */ = {isa = PBXFileReference; lastKnownFileType = sourcecode.c.objc; path = ViewController.m; sourceTree = "<group>"; };
		DC386D8D1BEFEBA900562543 /* Shoutout.xcdatamodel */ = {isa = PBXFileReference; lastKnownFileType = wrapper.xcdatamodel; path = Shoutout.xcdatamodel; sourceTree = "<group>"; };
		DC386D8F1BEFEBA900562543 /* Assets.xcassets */ = {isa = PBXFileReference; lastKnownFileType = folder.assetcatalog; path = Assets.xcassets; sourceTree = "<group>"; };
		DC386D921BEFEBA900562543 /* Base */ = {isa = PBXFileReference; lastKnownFileType = file.storyboard; name = Base; path = Base.lproj/LaunchScreen.storyboard; sourceTree = "<group>"; };
		DC386D941BEFEBA900562543 /* Info.plist */ = {isa = PBXFileReference; lastKnownFileType = text.plist.xml; path = Info.plist; sourceTree = "<group>"; };
		DC386D9D1BEFF89500562543 /* ProfileViewController.h */ = {isa = PBXFileReference; fileEncoding = 4; lastKnownFileType = sourcecode.c.h; path = ProfileViewController.h; sourceTree = "<group>"; };
		DC386D9E1BEFF89500562543 /* ProfileViewController.m */ = {isa = PBXFileReference; fileEncoding = 4; lastKnownFileType = sourcecode.c.objc; path = ProfileViewController.m; sourceTree = "<group>"; };
		DC386DA71BF003C500562543 /* Main.Storyboard */ = {isa = PBXFileReference; fileEncoding = 4; lastKnownFileType = file.storyboard; path = Main.Storyboard; sourceTree = "<group>"; };
		DC386DA91BF005EE00562543 /* ContactsTableViewController.h */ = {isa = PBXFileReference; fileEncoding = 4; lastKnownFileType = sourcecode.c.h; path = ContactsTableViewController.h; sourceTree = "<group>"; };
		DC386DAA1BF005EE00562543 /* ContactsTableViewController.m */ = {isa = PBXFileReference; fileEncoding = 4; lastKnownFileType = sourcecode.c.objc; path = ContactsTableViewController.m; sourceTree = "<group>"; };
		DC386DF41BF4223C00562543 /* SOProject.h */ = {isa = PBXFileReference; fileEncoding = 4; lastKnownFileType = sourcecode.c.h; path = SOProject.h; sourceTree = "<group>"; };
		DC386DF51BF4223C00562543 /* SOProject.m */ = {isa = PBXFileReference; fileEncoding = 4; lastKnownFileType = sourcecode.c.objc; path = SOProject.m; sourceTree = "<group>"; };
		DC386DF61BF4223C00562543 /* SOVideo.h */ = {isa = PBXFileReference; fileEncoding = 4; lastKnownFileType = sourcecode.c.h; path = SOVideo.h; sourceTree = "<group>"; };
		DC386DF71BF4223C00562543 /* SOVideo.m */ = {isa = PBXFileReference; fileEncoding = 4; lastKnownFileType = sourcecode.c.objc; path = SOVideo.m; sourceTree = "<group>"; };
		DC386DF81BF4223C00562543 /* User.h */ = {isa = PBXFileReference; fileEncoding = 4; lastKnownFileType = sourcecode.c.h; path = User.h; sourceTree = "<group>"; };
		DC386DFC1BF4230200562543 /* User.m */ = {isa = PBXFileReference; fileEncoding = 4; lastKnownFileType = sourcecode.c.objc; path = User.m; sourceTree = "<group>"; };
		DC386E081BF424B300562543 /* NSURL+ImageGenerator.h */ = {isa = PBXFileReference; fileEncoding = 4; lastKnownFileType = sourcecode.c.h; path = "NSURL+ImageGenerator.h"; sourceTree = "<group>"; };
		DC386E091BF424B300562543 /* NSURL+ImageGenerator.m */ = {isa = PBXFileReference; fileEncoding = 4; lastKnownFileType = sourcecode.c.objc; path = "NSURL+ImageGenerator.m"; sourceTree = "<group>"; };
		DC386E0C1BF4290C00562543 /* SOLoginViewController.h */ = {isa = PBXFileReference; fileEncoding = 4; lastKnownFileType = sourcecode.c.h; path = SOLoginViewController.h; sourceTree = "<group>"; };
		DC386E0D1BF4290C00562543 /* SOLoginViewController.m */ = {isa = PBXFileReference; fileEncoding = 4; lastKnownFileType = sourcecode.c.objc; path = SOLoginViewController.m; sourceTree = "<group>"; };
		DC386E0E1BF4290C00562543 /* SOLoginViewController.xib */ = {isa = PBXFileReference; fileEncoding = 4; lastKnownFileType = file.xib; path = SOLoginViewController.xib; sourceTree = "<group>"; };
		DC386E0F1BF4290C00562543 /* SOSignUpViewController.h */ = {isa = PBXFileReference; fileEncoding = 4; lastKnownFileType = sourcecode.c.h; path = SOSignUpViewController.h; sourceTree = "<group>"; };
		DC386E101BF4290C00562543 /* SOSignUpViewController.m */ = {isa = PBXFileReference; fileEncoding = 4; lastKnownFileType = sourcecode.c.objc; path = SOSignUpViewController.m; sourceTree = "<group>"; };
		DC386E111BF4290C00562543 /* SOSignUpViewController.xib */ = {isa = PBXFileReference; fileEncoding = 4; lastKnownFileType = file.xib; path = SOSignUpViewController.xib; sourceTree = "<group>"; };
/* End PBXFileReference section */

/* Begin PBXFrameworksBuildPhase section */
		DC386D7A1BEFEBA900562543 /* Frameworks */ = {
			isa = PBXFrameworksBuildPhase;
			buildActionMask = 2147483647;
			files = (
				D49BF4971BEFF88100340627 /* CoreMedia.framework in Frameworks */,
				D49BF4951BEFF83100340627 /* AssetsLibrary.framework in Frameworks */,
				D49BF4931BEFF80E00340627 /* AVKit.framework in Frameworks */,
				D49BF4911BEFF80800340627 /* MobileCoreServices.framework in Frameworks */,
				D49BF48F1BEFF6D100340627 /* QuartzCore.framework in Frameworks */,
				D49BF48D1BEFF6B500340627 /* AVFoundation.framework in Frameworks */,
				F386A2585F70466F066DA368 /* libPods.a in Frameworks */,
			);
			runOnlyForDeploymentPostprocessing = 0;
		};
/* End PBXFrameworksBuildPhase section */

/* Begin PBXGroup section */
		11B3947B65273DC1E22F89DE /* Frameworks */ = {
			isa = PBXGroup;
			children = (
				B31638C861E4996215CDACD0 /* libPods.a */,
			);
			name = Frameworks;
			sourceTree = "<group>";
		};
		84E5CFA11BF4E59F00A587E1 /* SOLoginSignUp */ = {
			isa = PBXGroup;
			children = (
				DC386E0C1BF4290C00562543 /* SOLoginViewController.h */,
				DC386E0D1BF4290C00562543 /* SOLoginViewController.m */,
				DC386E0E1BF4290C00562543 /* SOLoginViewController.xib */,
				DC386E0F1BF4290C00562543 /* SOSignUpViewController.h */,
				DC386E101BF4290C00562543 /* SOSignUpViewController.m */,
				DC386E111BF4290C00562543 /* SOSignUpViewController.xib */,
			);
			name = SOLoginSignUp;
			sourceTree = "<group>";
		};
		84E5CFA21BF4E5B500A587E1 /* SOProjects */ = {
			isa = PBXGroup;
			children = (
				DCB520C71BFA7FB200DEF285 /* New Projects */,
				84E9D52B1BF8F228005ACE00 /* My projects */,
				84E9D52C1BF8F243005ACE00 /* Sorting */,
			);
			name = SOProjects;
			sourceTree = "<group>";
		};
		84E9D52B1BF8F228005ACE00 /* My projects */ = {
			isa = PBXGroup;
			children = (
				84E5CFA91BF4E93F00A587E1 /* SOProjectsViewController.h */,
				84E5CFAA1BF4E93F00A587E1 /* SOProjectsViewController.m */,
				84E5CF961BF4C9A300A587E1 /* SOVideoCollectionViewCell.xib */,
				84E5CFA61BF4E87D00A587E1 /* SOVideoCVC.h */,
				84E5CFA71BF4E87D00A587E1 /* SOVideoCVC.m */,
			);
			name = "My projects";
			sourceTree = "<group>";
		};
		84E9D52C1BF8F243005ACE00 /* Sorting */ = {
			isa = PBXGroup;
			children = (
				84E9D5321BF8F2B6005ACE00 /* SOSortingViewController.h */,
				84E9D5331BF8F2B6005ACE00 /* SOSortingViewController.m */,
				84E9D5301BF8F28E005ACE00 /* SOSortingCollectionViewCell.xib */,
				84E9D5351BF8F2C6005ACE00 /* SOSortingCVC.h */,
				84E9D5361BF8F2C6005ACE00 /* SOSortingCVC.m */,
				84E9D52D1BF8F25D005ACE00 /* UICollectionView+BMADecorators.h */,
				84E9D5381BF9375D005ACE00 /* SOAddMyVideoViewController.h */,
				84E9D5391BF9375D005ACE00 /* SOAddMyVideoViewController.m */,
				84E9D52E1BF8F25D005ACE00 /* UICollectionView+BMADecorators.m */,
			);
			name = Sorting;
			sourceTree = "<group>";
		};
		84E9D5511BFB8B0D005ACE00 /* Caviar-Dreams */ = {
			isa = PBXGroup;
			children = (
				84E9D5521BFB8B0D005ACE00 /* Caviar_Dreams_Bold.ttf */,
				84E9D5531BFB8B0D005ACE00 /* CaviarDreams.ttf */,
				84E9D5541BFB8B0D005ACE00 /* CaviarDreams_BoldItalic.ttf */,
				84E9D5551BFB8B0D005ACE00 /* CaviarDreams_Italic.ttf */,
				84E9D5561BFB8B0D005ACE00 /* Nymphont License.txt */,
			);
			name = "Caviar-Dreams";
			sourceTree = "<group>";
		};
		84E9D55C1BFB9B8E005ACE00 /* Boston-Traffic */ = {
			isa = PBXGroup;
			children = (
				84E9D55D1BFB9B8E005ACE00 /* boston_traffic.ttf */,
				84E9D55E1BFB9B8E005ACE00 /* Vic Fieger License.txt */,
			);
			name = "Boston-Traffic";
			path = "../Boston-Traffic";
			sourceTree = "<group>";
		};
		84E9D5611BFB9B98005ACE00 /* Fonts */ = {
			isa = PBXGroup;
			children = (
				84E9D5621BFB9D05005ACE00 /* engadget */,
				84E9D55C1BFB9B8E005ACE00 /* Boston-Traffic */,
				84E9D5511BFB8B0D005ACE00 /* Caviar-Dreams */,
			);
			name = Fonts;
			path = "Caviar-Dreams";
			sourceTree = "<group>";
		};
		84E9D5621BFB9D05005ACE00 /* engadget */ = {
			isa = PBXGroup;
			children = (
				84E9D5631BFB9D05005ACE00 /* COPYING */,
				84E9D5641BFB9D05005ACE00 /* Engadget.ttf */,
				84E9D5651BFB9D05005ACE00 /* README */,
			);
			path = engadget;
			sourceTree = "<group>";
		};
		C7127B731BF678F10069CF76 /* CollaborationSection */ = {
			isa = PBXGroup;
			children = (
				C7127B741BF6793A0069CF76 /* CollaborateViewController.h */,
				C7127B751BF6793A0069CF76 /* CollaborateViewController.m */,
				C7127B6F1BF678D60069CF76 /* CollaborationsTableViewController.h */,
				C7127B701BF678D60069CF76 /* CollaborationsTableViewController.m */,
			);
			name = CollaborationSection;
			sourceTree = "<group>";
		};
		DC386D741BEFEBA800562543 = {
			isa = PBXGroup;
			children = (
				DC386D7F1BEFEBA900562543 /* Shoutout */,
				DC386D7E1BEFEBA900562543 /* Products */,
				F88ABA11F1D5D8AA3BA47208 /* Pods */,
				11B3947B65273DC1E22F89DE /* Frameworks */,
			);
			sourceTree = "<group>";
		};
		DC386D7E1BEFEBA900562543 /* Products */ = {
			isa = PBXGroup;
			children = (
				DC386D7D1BEFEBA900562543 /* Shoutout.app */,
			);
			name = Products;
			sourceTree = "<group>";
		};
		DC386D7F1BEFEBA900562543 /* Shoutout */ = {
			isa = PBXGroup;
			children = (
				DC386D831BEFEBA900562543 /* AppDelegate.h */,
				DC386D841BEFEBA900562543 /* AppDelegate.m */,
				DC386D861BEFEBA900562543 /* ViewController.h */,
				DC386D871BEFEBA900562543 /* ViewController.m */,
				DC386DA71BF003C500562543 /* Main.Storyboard */,
				DC386E0B1BF424BB00562543 /* extensions */,
				DCB520C41BFA7B1F00DEF285 /* SOTestVideosAndPictures */,
				DC386DFB1BF4224500562543 /* SOModel */,
				DC386DA61BEFF8F900562543 /* SOViewControllers */,
				DC386D8F1BEFEBA900562543 /* Assets.xcassets */,
				84E9D5611BFB9B98005ACE00 /* Fonts */,
				DC386D911BEFEBA900562543 /* LaunchScreen.storyboard */,
				DC386D941BEFEBA900562543 /* Info.plist */,
				DC386D8C1BEFEBA900562543 /* Shoutout.xcdatamodeld */,
				DC386D801BEFEBA900562543 /* Supporting Files */,
			);
			path = Shoutout;
			sourceTree = "<group>";
		};
		DC386D801BEFEBA900562543 /* Supporting Files */ = {
			isa = PBXGroup;
			children = (
				D49BF4961BEFF88100340627 /* CoreMedia.framework */,
				D49BF4941BEFF83100340627 /* AssetsLibrary.framework */,
				D49BF4921BEFF80E00340627 /* AVKit.framework */,
				D49BF4901BEFF80800340627 /* MobileCoreServices.framework */,
				D49BF48E1BEFF6D100340627 /* QuartzCore.framework */,
				D49BF48C1BEFF6B500340627 /* AVFoundation.framework */,
				DC386D811BEFEBA900562543 /* main.m */,
			);
			name = "Supporting Files";
			sourceTree = "<group>";
		};
		DC386DA61BEFF8F900562543 /* SOViewControllers */ = {
			isa = PBXGroup;
			children = (
				C7127B731BF678F10069CF76 /* CollaborationSection */,
				84E5CFA21BF4E5B500A587E1 /* SOProjects */,
				DCB520C51BFA7B5600DEF285 /* SOProfile */,
				DCB520C61BFA7B6100DEF285 /* SOContacts */,
				84E5CFA11BF4E59F00A587E1 /* SOLoginSignUp */,
			);
			name = SOViewControllers;
			sourceTree = "<group>";
		};
		DC386DFB1BF4224500562543 /* SOModel */ = {
			isa = PBXGroup;
			children = (
				C7127B711BF678D60069CF76 /* SOModel.h */,
				DC386DF81BF4223C00562543 /* User.h */,
				DC386DFC1BF4230200562543 /* User.m */,
				DC386DF41BF4223C00562543 /* SOProject.h */,
				DC386DF51BF4223C00562543 /* SOProject.m */,
				DC386DF61BF4223C00562543 /* SOVideo.h */,
				DC386DF71BF4223C00562543 /* SOVideo.m */,
				D4115F061BF850ED00C674AC /* SORequest.h */,
				D4115F071BF850ED00C674AC /* SORequest.m */,
				D4115F091BF8566100C674AC /* SOContacts.h */,
				D4115F0A1BF8566100C674AC /* SOContacts.m */,
			);
			name = SOModel;
			sourceTree = "<group>";
		};
		DC386E0B1BF424BB00562543 /* extensions */ = {
			isa = PBXGroup;
			children = (
				DC386E081BF424B300562543 /* NSURL+ImageGenerator.h */,
				DC386E091BF424B300562543 /* NSURL+ImageGenerator.m */,
			);
			name = extensions;
			sourceTree = "<group>";
		};
		DCB520C41BFA7B1F00DEF285 /* SOTestVideosAndPictures */ = {
			isa = PBXGroup;
			children = (
				84E5CF9B1BF4CA7C00A587E1 /* video1.jpg */,
				84E5CF9C1BF4CA7C00A587E1 /* video2.jpg */,
				84E5CF9D1BF4CA7C00A587E1 /* video3.jpg */,
				84E5CFAF1BF4FA3200A587E1 /* video1.mp4 */,
				84E5CFB01BF4FA3200A587E1 /* video2.mp4 */,
			);
			name = SOTestVideosAndPictures;
			sourceTree = "<group>";
		};
		DCB520C51BFA7B5600DEF285 /* SOProfile */ = {
			isa = PBXGroup;
			children = (
				DC386D9D1BEFF89500562543 /* ProfileViewController.h */,
				DC386D9E1BEFF89500562543 /* ProfileViewController.m */,
			);
			name = SOProfile;
			sourceTree = "<group>";
		};
		DCB520C61BFA7B6100DEF285 /* SOContacts */ = {
			isa = PBXGroup;
			children = (
				DC386DA91BF005EE00562543 /* ContactsTableViewController.h */,
				DC386DAA1BF005EE00562543 /* ContactsTableViewController.m */,
			);
			name = SOContacts;
			sourceTree = "<group>";
		};
		DCB520C71BFA7FB200DEF285 /* New Projects */ = {
			isa = PBXGroup;
			children = (
				84E9D35E1BF6E500005ACE00 /* SOCreateNewProjectViewController.h */,
				84E9D35F1BF6E500005ACE00 /* SOCreateNewProjectViewController.m */,
			);
			name = "New Projects";
			sourceTree = "<group>";
		};
		F88ABA11F1D5D8AA3BA47208 /* Pods */ = {
			isa = PBXGroup;
			children = (
				3933170B0C7BDDBBA4F99A84 /* Pods.debug.xcconfig */,
				2B71E56213096115E5D6499D /* Pods.release.xcconfig */,
			);
			name = Pods;
			sourceTree = "<group>";
		};
/* End PBXGroup section */

/* Begin PBXNativeTarget section */
		DC386D7C1BEFEBA900562543 /* Shoutout */ = {
			isa = PBXNativeTarget;
			buildConfigurationList = DC386D971BEFEBA900562543 /* Build configuration list for PBXNativeTarget "Shoutout" */;
			buildPhases = (
				AAB358BFC0787784AD07D88D /* Check Pods Manifest.lock */,
				DC386D791BEFEBA900562543 /* Sources */,
				DC386D7A1BEFEBA900562543 /* Frameworks */,
				DC386D7B1BEFEBA900562543 /* Resources */,
				9CD7E284BA2CF264773B873E /* Embed Pods Frameworks */,
				233BCEC5E6F6B8E42623E423 /* Copy Pods Resources */,
			);
			buildRules = (
			);
			dependencies = (
			);
			name = Shoutout;
			productName = Shoutout;
			productReference = DC386D7D1BEFEBA900562543 /* Shoutout.app */;
			productType = "com.apple.product-type.application";
		};
/* End PBXNativeTarget section */

/* Begin PBXProject section */
		DC386D751BEFEBA800562543 /* Project object */ = {
			isa = PBXProject;
			attributes = {
				LastUpgradeCheck = 0710;
				ORGANIZATIONNAME = Mesfin;
				TargetAttributes = {
					DC386D7C1BEFEBA900562543 = {
						CreatedOnToolsVersion = 7.1;
						DevelopmentTeam = 3L76772298;
					};
				};
			};
			buildConfigurationList = DC386D781BEFEBA900562543 /* Build configuration list for PBXProject "Shoutout" */;
			compatibilityVersion = "Xcode 3.2";
			developmentRegion = English;
			hasScannedForEncodings = 0;
			knownRegions = (
				en,
				Base,
			);
			mainGroup = DC386D741BEFEBA800562543;
			productRefGroup = DC386D7E1BEFEBA900562543 /* Products */;
			projectDirPath = "";
			projectRoot = "";
			targets = (
				DC386D7C1BEFEBA900562543 /* Shoutout */,
			);
		};
/* End PBXProject section */

/* Begin PBXResourcesBuildPhase section */
		DC386D7B1BEFEBA900562543 /* Resources */ = {
			isa = PBXResourcesBuildPhase;
			buildActionMask = 2147483647;
			files = (
				84E9D5681BFB9D05005ACE00 /* README in Resources */,
				84E9D5661BFB9D05005ACE00 /* COPYING in Resources */,
				84E9D5571BFB8B0D005ACE00 /* Caviar_Dreams_Bold.ttf in Resources */,
				84E9D5601BFB9B8F005ACE00 /* Vic Fieger License.txt in Resources */,
				84E9D55F1BFB9B8F005ACE00 /* boston_traffic.ttf in Resources */,
				84E5CF971BF4C9A300A587E1 /* SOVideoCollectionViewCell.xib in Resources */,
				84E9D55B1BFB8B0D005ACE00 /* Nymphont License.txt in Resources */,
				84E9D5591BFB8B0D005ACE00 /* CaviarDreams_BoldItalic.ttf in Resources */,
				84E9D5581BFB8B0D005ACE00 /* CaviarDreams.ttf in Resources */,
				84E9D55A1BFB8B0D005ACE00 /* CaviarDreams_Italic.ttf in Resources */,
				DC386E131BF4290C00562543 /* SOLoginViewController.xib in Resources */,
				84E5CF9F1BF4CA7C00A587E1 /* video2.jpg in Resources */,
				DC386DA81BF003C500562543 /* Main.Storyboard in Resources */,
				84E9D5671BFB9D05005ACE00 /* Engadget.ttf in Resources */,
				DC386D931BEFEBA900562543 /* LaunchScreen.storyboard in Resources */,
				DC386E151BF4290C00562543 /* SOSignUpViewController.xib in Resources */,
				DC386D901BEFEBA900562543 /* Assets.xcassets in Resources */,
				84E9D5311BF8F28E005ACE00 /* SOSortingCollectionViewCell.xib in Resources */,
				84E5CFA01BF4CA7C00A587E1 /* video3.jpg in Resources */,
				84E5CF9E1BF4CA7C00A587E1 /* video1.jpg in Resources */,
			);
			runOnlyForDeploymentPostprocessing = 0;
		};
/* End PBXResourcesBuildPhase section */

/* Begin PBXShellScriptBuildPhase section */
		233BCEC5E6F6B8E42623E423 /* Copy Pods Resources */ = {
			isa = PBXShellScriptBuildPhase;
			buildActionMask = 2147483647;
			files = (
			);
			inputPaths = (
			);
			name = "Copy Pods Resources";
			outputPaths = (
			);
			runOnlyForDeploymentPostprocessing = 0;
			shellPath = /bin/sh;
			shellScript = "\"${SRCROOT}/Pods/Target Support Files/Pods/Pods-resources.sh\"\n";
			showEnvVarsInLog = 0;
		};
		9CD7E284BA2CF264773B873E /* Embed Pods Frameworks */ = {
			isa = PBXShellScriptBuildPhase;
			buildActionMask = 2147483647;
			files = (
			);
			inputPaths = (
			);
			name = "Embed Pods Frameworks";
			outputPaths = (
			);
			runOnlyForDeploymentPostprocessing = 0;
			shellPath = /bin/sh;
			shellScript = "\"${SRCROOT}/Pods/Target Support Files/Pods/Pods-frameworks.sh\"\n";
			showEnvVarsInLog = 0;
		};
		AAB358BFC0787784AD07D88D /* Check Pods Manifest.lock */ = {
			isa = PBXShellScriptBuildPhase;
			buildActionMask = 2147483647;
			files = (
			);
			inputPaths = (
			);
			name = "Check Pods Manifest.lock";
			outputPaths = (
			);
			runOnlyForDeploymentPostprocessing = 0;
			shellPath = /bin/sh;
			shellScript = "diff \"${PODS_ROOT}/../Podfile.lock\" \"${PODS_ROOT}/Manifest.lock\" > /dev/null\nif [[ $? != 0 ]] ; then\n    cat << EOM\nerror: The sandbox is not in sync with the Podfile.lock. Run 'pod install' or update your CocoaPods installation.\nEOM\n    exit 1\nfi\n";
			showEnvVarsInLog = 0;
		};
/* End PBXShellScriptBuildPhase section */

/* Begin PBXSourcesBuildPhase section */
		DC386D791BEFEBA900562543 /* Sources */ = {
			isa = PBXSourcesBuildPhase;
			buildActionMask = 2147483647;
			files = (
				84E9D3601BF6E500005ACE00 /* SOCreateNewProjectViewController.m in Sources */,
				84E5CFAB1BF4E93F00A587E1 /* SOProjectsViewController.m in Sources */,
				DC386D8E1BEFEBA900562543 /* Shoutout.xcdatamodeld in Sources */,
				DC386E141BF4290C00562543 /* SOSignUpViewController.m in Sources */,
				C7127B761BF6793A0069CF76 /* CollaborateViewController.m in Sources */,
				84E9D5341BF8F2B6005ACE00 /* SOSortingViewController.m in Sources */,
				DC386DAB1BF005EE00562543 /* ContactsTableViewController.m in Sources */,
				C7127B721BF678D60069CF76 /* CollaborationsTableViewController.m in Sources */,
				D4115F0B1BF8566100C674AC /* SOContacts.m in Sources */,
				DC386E121BF4290C00562543 /* SOLoginViewController.m in Sources */,
				D4115F081BF850ED00C674AC /* SORequest.m in Sources */,
				DC386E0A1BF424B300562543 /* NSURL+ImageGenerator.m in Sources */,
				DC386DF91BF4223C00562543 /* SOProject.m in Sources */,
				DC386D881BEFEBA900562543 /* ViewController.m in Sources */,
				DC386DFD1BF4230200562543 /* User.m in Sources */,
				DC386D851BEFEBA900562543 /* AppDelegate.m in Sources */,
				84E9D52F1BF8F25D005ACE00 /* UICollectionView+BMADecorators.m in Sources */,
				84E5CFA81BF4E87D00A587E1 /* SOVideoCVC.m in Sources */,
				84E9D53A1BF9375D005ACE00 /* SOAddMyVideoViewController.m in Sources */,
				DC386D9F1BEFF89500562543 /* ProfileViewController.m in Sources */,
				DC386D821BEFEBA900562543 /* main.m in Sources */,
				DC386DFA1BF4223C00562543 /* SOVideo.m in Sources */,
				84E9D5371BF8F2C6005ACE00 /* SOSortingCVC.m in Sources */,
			);
			runOnlyForDeploymentPostprocessing = 0;
		};
/* End PBXSourcesBuildPhase section */

/* Begin PBXVariantGroup section */
		DC386D911BEFEBA900562543 /* LaunchScreen.storyboard */ = {
			isa = PBXVariantGroup;
			children = (
				DC386D921BEFEBA900562543 /* Base */,
			);
			name = LaunchScreen.storyboard;
			sourceTree = "<group>";
		};
/* End PBXVariantGroup section */

/* Begin XCBuildConfiguration section */
		DC386D951BEFEBA900562543 /* Debug */ = {
			isa = XCBuildConfiguration;
			buildSettings = {
				ALWAYS_SEARCH_USER_PATHS = NO;
				CLANG_CXX_LANGUAGE_STANDARD = "gnu++0x";
				CLANG_CXX_LIBRARY = "libc++";
				CLANG_ENABLE_MODULES = YES;
				CLANG_ENABLE_OBJC_ARC = YES;
				CLANG_WARN_BOOL_CONVERSION = YES;
				CLANG_WARN_CONSTANT_CONVERSION = YES;
				CLANG_WARN_DIRECT_OBJC_ISA_USAGE = YES_ERROR;
				CLANG_WARN_EMPTY_BODY = YES;
				CLANG_WARN_ENUM_CONVERSION = YES;
				CLANG_WARN_INT_CONVERSION = YES;
				CLANG_WARN_OBJC_ROOT_CLASS = YES_ERROR;
				CLANG_WARN_UNREACHABLE_CODE = YES;
				CLANG_WARN__DUPLICATE_METHOD_MATCH = YES;
				"CODE_SIGN_IDENTITY[sdk=iphoneos*]" = "iPhone Developer";
				COPY_PHASE_STRIP = NO;
				DEBUG_INFORMATION_FORMAT = dwarf;
				ENABLE_STRICT_OBJC_MSGSEND = YES;
				ENABLE_TESTABILITY = YES;
				GCC_C_LANGUAGE_STANDARD = gnu99;
				GCC_DYNAMIC_NO_PIC = NO;
				GCC_NO_COMMON_BLOCKS = YES;
				GCC_OPTIMIZATION_LEVEL = 0;
				GCC_PREPROCESSOR_DEFINITIONS = (
					"DEBUG=1",
					"$(inherited)",
				);
				GCC_WARN_64_TO_32_BIT_CONVERSION = YES;
				GCC_WARN_ABOUT_RETURN_TYPE = YES_ERROR;
				GCC_WARN_UNDECLARED_SELECTOR = YES;
				GCC_WARN_UNINITIALIZED_AUTOS = YES_AGGRESSIVE;
				GCC_WARN_UNUSED_FUNCTION = YES;
				GCC_WARN_UNUSED_VARIABLE = YES;
				IPHONEOS_DEPLOYMENT_TARGET = 9.1;
				MTL_ENABLE_DEBUG_INFO = YES;
				ONLY_ACTIVE_ARCH = YES;
				SDKROOT = iphoneos;
			};
			name = Debug;
		};
		DC386D961BEFEBA900562543 /* Release */ = {
			isa = XCBuildConfiguration;
			buildSettings = {
				ALWAYS_SEARCH_USER_PATHS = NO;
				CLANG_CXX_LANGUAGE_STANDARD = "gnu++0x";
				CLANG_CXX_LIBRARY = "libc++";
				CLANG_ENABLE_MODULES = YES;
				CLANG_ENABLE_OBJC_ARC = YES;
				CLANG_WARN_BOOL_CONVERSION = YES;
				CLANG_WARN_CONSTANT_CONVERSION = YES;
				CLANG_WARN_DIRECT_OBJC_ISA_USAGE = YES_ERROR;
				CLANG_WARN_EMPTY_BODY = YES;
				CLANG_WARN_ENUM_CONVERSION = YES;
				CLANG_WARN_INT_CONVERSION = YES;
				CLANG_WARN_OBJC_ROOT_CLASS = YES_ERROR;
				CLANG_WARN_UNREACHABLE_CODE = YES;
				CLANG_WARN__DUPLICATE_METHOD_MATCH = YES;
				"CODE_SIGN_IDENTITY[sdk=iphoneos*]" = "iPhone Developer";
				COPY_PHASE_STRIP = NO;
				DEBUG_INFORMATION_FORMAT = "dwarf-with-dsym";
				ENABLE_NS_ASSERTIONS = NO;
				ENABLE_STRICT_OBJC_MSGSEND = YES;
				GCC_C_LANGUAGE_STANDARD = gnu99;
				GCC_NO_COMMON_BLOCKS = YES;
				GCC_WARN_64_TO_32_BIT_CONVERSION = YES;
				GCC_WARN_ABOUT_RETURN_TYPE = YES_ERROR;
				GCC_WARN_UNDECLARED_SELECTOR = YES;
				GCC_WARN_UNINITIALIZED_AUTOS = YES_AGGRESSIVE;
				GCC_WARN_UNUSED_FUNCTION = YES;
				GCC_WARN_UNUSED_VARIABLE = YES;
				IPHONEOS_DEPLOYMENT_TARGET = 9.1;
				MTL_ENABLE_DEBUG_INFO = NO;
				SDKROOT = iphoneos;
				VALIDATE_PRODUCT = YES;
			};
			name = Release;
		};
		DC386D981BEFEBA900562543 /* Debug */ = {
			isa = XCBuildConfiguration;
			baseConfigurationReference = 3933170B0C7BDDBBA4F99A84 /* Pods.debug.xcconfig */;
			buildSettings = {
				ASSETCATALOG_COMPILER_APPICON_NAME = AppIcon;
				CODE_SIGN_IDENTITY = "iPhone Developer";
				"CODE_SIGN_IDENTITY[sdk=iphoneos*]" = "iPhone Developer";
				INFOPLIST_FILE = Shoutout/Info.plist;
				IPHONEOS_DEPLOYMENT_TARGET = 8.1;
				LD_RUNPATH_SEARCH_PATHS = "$(inherited) @executable_path/Frameworks";
				PRODUCT_BUNDLE_IDENTIFIER = nyc.vhart.c4q;
				PRODUCT_NAME = "$(TARGET_NAME)";
				PROVISIONING_PROFILE = "";
			};
			name = Debug;
		};
		DC386D991BEFEBA900562543 /* Release */ = {
			isa = XCBuildConfiguration;
			baseConfigurationReference = 2B71E56213096115E5D6499D /* Pods.release.xcconfig */;
			buildSettings = {
				ASSETCATALOG_COMPILER_APPICON_NAME = AppIcon;
				CODE_SIGN_IDENTITY = "iPhone Developer";
				"CODE_SIGN_IDENTITY[sdk=iphoneos*]" = "iPhone Developer";
				INFOPLIST_FILE = Shoutout/Info.plist;
				IPHONEOS_DEPLOYMENT_TARGET = 8.1;
				LD_RUNPATH_SEARCH_PATHS = "$(inherited) @executable_path/Frameworks";
				PRODUCT_BUNDLE_IDENTIFIER = nyc.vhart.c4q;
				PRODUCT_NAME = "$(TARGET_NAME)";
				PROVISIONING_PROFILE = "";
			};
			name = Release;
		};
/* End XCBuildConfiguration section */

/* Begin XCConfigurationList section */
		DC386D781BEFEBA900562543 /* Build configuration list for PBXProject "Shoutout" */ = {
			isa = XCConfigurationList;
			buildConfigurations = (
				DC386D951BEFEBA900562543 /* Debug */,
				DC386D961BEFEBA900562543 /* Release */,
			);
			defaultConfigurationIsVisible = 0;
			defaultConfigurationName = Release;
		};
		DC386D971BEFEBA900562543 /* Build configuration list for PBXNativeTarget "Shoutout" */ = {
			isa = XCConfigurationList;
			buildConfigurations = (
				DC386D981BEFEBA900562543 /* Debug */,
				DC386D991BEFEBA900562543 /* Release */,
			);
			defaultConfigurationIsVisible = 0;
			defaultConfigurationName = Release;
		};
/* End XCConfigurationList section */

/* Begin XCVersionGroup section */
		DC386D8C1BEFEBA900562543 /* Shoutout.xcdatamodeld */ = {
			isa = XCVersionGroup;
			children = (
				DC386D8D1BEFEBA900562543 /* Shoutout.xcdatamodel */,
			);
			currentVersion = DC386D8D1BEFEBA900562543 /* Shoutout.xcdatamodel */;
			path = Shoutout.xcdatamodeld;
			sourceTree = "<group>";
			versionGroupType = wrapper.xcdatamodel;
		};
/* End XCVersionGroup section */
	};
	rootObject = DC386D751BEFEBA800562543 /* Project object */;
}
